
Microsoft Visual Studio Solution File, Format Version 12.00
# Visual Studio Version 17
VisualStudioVersion = 17.10.34916.146
MinimumVisualStudioVersion = 10.0.40219.1
Project("{FAE04EC0-301F-11D3-BF4B-00C04F79EFBC}") = "Module", "Module\Module.csproj", "{E2F757BE-BFED-4DDD-9ADC-2DA751A0372A}"
EndProject
Project("{FAE04EC0-301F-11D3-BF4B-00C04F79EFBC}") = "NetGuardCore", "NetGuardCore\NetGuardCore.csproj", "{3798A905-5736-4227-B6E4-95B2386254B2}"
EndProject
Project("{FAE04EC0-301F-11D3-BF4B-00C04F79EFBC}") = "SilkroadSecurityAPI", "SilkroadSecurityAPI\SilkroadSecurityAPI.csproj", "{62EEA21F-5A8E-4FFA-81A3-5070DE12C46C}"
EndProject
Global
	GlobalSection(SolutionConfigurationPlatforms) = preSolution
		Debug|Any CPU = Debug|Any CPU
		Release|Any CPU = Release|Any CPU
	EndGlobalSection
	GlobalSection(ProjectConfigurationPlatforms) = postSolution
		{E2F757BE-BFED-4DDD-9ADC-2DA751A0372A}.Debug|Any CPU.ActiveCfg = Debug|Any CPU
		{E2F757BE-BFED-4DDD-9ADC-2DA751A0372A}.Debug|Any CPU.Build.0 = Debug|Any CPU
		{E2F757BE-BFED-4DDD-9ADC-2DA751A0372A}.Release|Any CPU.ActiveCfg = Release|Any CPU
		{E2F757BE-BFED-4DDD-9ADC-2DA751A0372A}.Release|Any CPU.Build.0 = Release|Any CPU
		{3798A905-5736-4227-B6E4-95B2386254B2}.Debug|Any CPU.ActiveCfg = Debug|Any CPU
		{3798A905-5736-4227-B6E4-95B2386254B2}.Debug|Any CPU.Build.0 = Debug|Any CPU
		{3798A905-5736-4227-B6E4-95B2386254B2}.Release|Any CPU.ActiveCfg = Release|Any CPU
		{3798A905-5736-4227-B6E4-95B2386254B2}.Release|Any CPU.Build.0 = Release|Any CPU
		{62EEA21F-5A8E-4FFA-81A3-5070DE12C46C}.Debug|Any CPU.ActiveCfg = Debug|Any CPU
		{62EEA21F-5A8E-4FFA-81A3-5070DE12C46C}.Debug|Any CPU.Build.0 = Debug|Any CPU
		{62EEA21F-5A8E-4FFA-81A3-5070DE12C46C}.Release|Any CPU.ActiveCfg = Release|Any CPU
		{62EEA21F-5A8E-4FFA-81A3-5070DE12C46C}.Release|Any CPU.Build.0 = Release|Any CPU
	EndGlobalSection
	GlobalSection(SolutionProperties) = preSolution
		HideSolutionNode = FALSE
	EndGlobalSection
	GlobalSection(ExtensibilityGlobals) = postSolution
		SolutionGuid = {2BFF42F8-1339-49C3-A07B-2D3A82189B0A}
	EndGlobalSection
EndGlobal
