
Microsoft Visual Studio Solution File, Format Version 12.00
# Visual Studio Version 17
VisualStudioVersion = 17.10.34916.146
MinimumVisualStudioVersion = 10.0.40219.1
Project("{FAE04EC0-301F-11D3-BF4B-00C04F79EFBC}") = "NetGuard", "NetGuard\NetGuard.csproj", "{067BB60C-BB7E-433E-8D03-12DE4C6D6AA5}"
EndProject
Project("{FAE04EC0-301F-11D3-BF4B-00C04F79EFBC}") = "GatewayContext", "GatewayContext\GatewayContext.csproj", "{9605BBD5-D68C-4755-8C4F-7A45BAF3DB17}"
EndProject
Project("{FAE04EC0-301F-11D3-BF4B-00C04F79EFBC}") = "AgentContext", "AgentContext\AgentContext.csproj", "{48E676C0-369B-4339-9EB0-253804FB151B}"
EndProject
Global
	GlobalSection(SolutionConfigurationPlatforms) = preSolution
		Debug|Any CPU = Debug|Any CPU
		Release|Any CPU = Release|Any CPU
	EndGlobalSection
	GlobalSection(ProjectConfigurationPlatforms) = postSolution
		{067BB60C-BB7E-433E-8D03-12DE4C6D6AA5}.Debug|Any CPU.ActiveCfg = Debug|Any CPU
		{067BB60C-BB7E-433E-8D03-12DE4C6D6AA5}.Debug|Any CPU.Build.0 = Debug|Any CPU
		{067BB60C-BB7E-433E-8D03-12DE4C6D6AA5}.Release|Any CPU.ActiveCfg = Release|Any CPU
		{067BB60C-BB7E-433E-8D03-12DE4C6D6AA5}.Release|Any CPU.Build.0 = Release|Any CPU
		{9605BBD5-D68C-4755-8C4F-7A45BAF3DB17}.Debug|Any CPU.ActiveCfg = Debug|Any CPU
		{9605BBD5-D68C-4755-8C4F-7A45BAF3DB17}.Debug|Any CPU.Build.0 = Debug|Any CPU
		{9605BBD5-D68C-4755-8C4F-7A45BAF3DB17}.Release|Any CPU.ActiveCfg = Release|Any CPU
		{9605BBD5-D68C-4755-8C4F-7A45BAF3DB17}.Release|Any CPU.Build.0 = Release|Any CPU
		{48E676C0-369B-4339-9EB0-253804FB151B}.Debug|Any CPU.ActiveCfg = Debug|Any CPU
		{48E676C0-369B-4339-9EB0-253804FB151B}.Debug|Any CPU.Build.0 = Debug|Any CPU
		{48E676C0-369B-4339-9EB0-253804FB151B}.Release|Any CPU.ActiveCfg = Release|Any CPU
		{48E676C0-369B-4339-9EB0-253804FB151B}.Release|Any CPU.Build.0 = Release|Any CPU
	EndGlobalSection
	GlobalSection(SolutionProperties) = preSolution
		HideSolutionNode = FALSE
	EndGlobalSection
	GlobalSection(ExtensibilityGlobals) = postSolution
		SolutionGuid = {2BFF42F8-1339-49C3-A07B-2D3A82189B0A}
	EndGlobalSection
EndGlobal
